// !$*UTF8*$!
{
	archiveVersion = 1;
	classes = {
	};
	objectVersion = 46;
	objects = {

/* Begin PBXBuildFile section */
		3021A4BC1DD1250F003E035D /* PhotoViewController.swift in Sources */ = {isa = PBXBuildFile; fileRef = 3021A4BB1DD1250F003E035D /* PhotoViewController.swift */; };
		3088C5771DD16C48005B5940 /* 0.png in Resources */ = {isa = PBXBuildFile; fileRef = 3088C5731DD16C48005B5940 /* 0.png */; };
		3088C5781DD16C48005B5940 /* 1.png in Resources */ = {isa = PBXBuildFile; fileRef = 3088C5741DD16C48005B5940 /* 1.png */; };
		3088C5791DD16C48005B5940 /* 2.png in Resources */ = {isa = PBXBuildFile; fileRef = 3088C5751DD16C48005B5940 /* 2.png */; };
		3088C57A1DD16C48005B5940 /* 3.png in Resources */ = {isa = PBXBuildFile; fileRef = 3088C5761DD16C48005B5940 /* 3.png */; };
		309B3D4E1DCD414400C1FF24 /* AppDelegate.swift in Sources */ = {isa = PBXBuildFile; fileRef = 309B3D4D1DCD414400C1FF24 /* AppDelegate.swift */; };
		309B3D531DCD414400C1FF24 /* Main.storyboard in Resources */ = {isa = PBXBuildFile; fileRef = 309B3D511DCD414400C1FF24 /* Main.storyboard */; };
		309B3D551DCD414400C1FF24 /* Assets.xcassets in Resources */ = {isa = PBXBuildFile; fileRef = 309B3D541DCD414400C1FF24 /* Assets.xcassets */; };
		309B3D581DCD414400C1FF24 /* LaunchScreen.storyboard in Resources */ = {isa = PBXBuildFile; fileRef = 309B3D561DCD414400C1FF24 /* LaunchScreen.storyboard */; };
		309B3D601DCD424500C1FF24 /* ChoosePhotoViewController.swift in Sources */ = {isa = PBXBuildFile; fileRef = 309B3D5F1DCD424500C1FF24 /* ChoosePhotoViewController.swift */; };
		309B3D621DCD44FE00C1FF24 /* CustomCollectionViewFlowLayout.swift in Sources */ = {isa = PBXBuildFile; fileRef = 309B3D611DCD44FE00C1FF24 /* CustomCollectionViewFlowLayout.swift */; };
		309B3D641DCD468A00C1FF24 /* .gitignore in Resources */ = {isa = PBXBuildFile; fileRef = 309B3D631DCD468A00C1FF24 /* .gitignore */; };
		309B3D661DCD4D6900C1FF24 /* SantaCollectionViewCell.swift in Sources */ = {isa = PBXBuildFile; fileRef = 309B3D651DCD4D6900C1FF24 /* SantaCollectionViewCell.swift */; };
		309B3D681DCD4EC000C1FF24 /* Extensions.swift in Sources */ = {isa = PBXBuildFile; fileRef = 309B3D671DCD4EC000C1FF24 /* Extensions.swift */; };
		309B3D6A1DCEB86200C1FF24 /* CameraViewController.swift in Sources */ = {isa = PBXBuildFile; fileRef = 309B3D691DCEB86200C1FF24 /* CameraViewController.swift */; };
/* End PBXBuildFile section */

/* Begin PBXFileReference section */
		3021A4BB1DD1250F003E035D /* PhotoViewController.swift */ = {isa = PBXFileReference; fileEncoding = 4; lastKnownFileType = sourcecode.swift; path = PhotoViewController.swift; sourceTree = "<group>"; };
		3088C5731DD16C48005B5940 /* 0.png */ = {isa = PBXFileReference; lastKnownFileType = image.png; path = 0.png; sourceTree = "<group>"; };
		3088C5741DD16C48005B5940 /* 1.png */ = {isa = PBXFileReference; lastKnownFileType = image.png; path = 1.png; sourceTree = "<group>"; };
		3088C5751DD16C48005B5940 /* 2.png */ = {isa = PBXFileReference; lastKnownFileType = image.png; path = 2.png; sourceTree = "<group>"; };
		3088C5761DD16C48005B5940 /* 3.png */ = {isa = PBXFileReference; lastKnownFileType = image.png; path = 3.png; sourceTree = "<group>"; };
		309B3D4A1DCD414400C1FF24 /* Santa'sSelfie.app */ = {isa = PBXFileReference; explicitFileType = wrapper.application; includeInIndex = 0; path = "Santa'sSelfie.app"; sourceTree = BUILT_PRODUCTS_DIR; };
		309B3D4D1DCD414400C1FF24 /* AppDelegate.swift */ = {isa = PBXFileReference; lastKnownFileType = sourcecode.swift; path = AppDelegate.swift; sourceTree = "<group>"; };
		309B3D521DCD414400C1FF24 /* Base */ = {isa = PBXFileReference; lastKnownFileType = file.storyboard; name = Base; path = Base.lproj/Main.storyboard; sourceTree = "<group>"; };
		309B3D541DCD414400C1FF24 /* Assets.xcassets */ = {isa = PBXFileReference; lastKnownFileType = folder.assetcatalog; path = Assets.xcassets; sourceTree = "<group>"; };
		309B3D571DCD414400C1FF24 /* Base */ = {isa = PBXFileReference; lastKnownFileType = file.storyboard; name = Base; path = Base.lproj/LaunchScreen.storyboard; sourceTree = "<group>"; };
		309B3D591DCD414400C1FF24 /* Info.plist */ = {isa = PBXFileReference; lastKnownFileType = text.plist.xml; path = Info.plist; sourceTree = "<group>"; };
		309B3D5F1DCD424500C1FF24 /* ChoosePhotoViewController.swift */ = {isa = PBXFileReference; fileEncoding = 4; lastKnownFileType = sourcecode.swift; path = ChoosePhotoViewController.swift; sourceTree = "<group>"; };
		309B3D611DCD44FE00C1FF24 /* CustomCollectionViewFlowLayout.swift */ = {isa = PBXFileReference; fileEncoding = 4; lastKnownFileType = sourcecode.swift; path = CustomCollectionViewFlowLayout.swift; sourceTree = "<group>"; };
		309B3D631DCD468A00C1FF24 /* .gitignore */ = {isa = PBXFileReference; fileEncoding = 4; lastKnownFileType = text; path = .gitignore; sourceTree = "<group>"; };
		309B3D651DCD4D6900C1FF24 /* SantaCollectionViewCell.swift */ = {isa = PBXFileReference; fileEncoding = 4; lastKnownFileType = sourcecode.swift; path = SantaCollectionViewCell.swift; sourceTree = "<group>"; };
		309B3D671DCD4EC000C1FF24 /* Extensions.swift */ = {isa = PBXFileReference; fileEncoding = 4; lastKnownFileType = sourcecode.swift; path = Extensions.swift; sourceTree = "<group>"; };
		309B3D691DCEB86200C1FF24 /* CameraViewController.swift */ = {isa = PBXFileReference; fileEncoding = 4; lastKnownFileType = sourcecode.swift; path = CameraViewController.swift; sourceTree = "<group>"; };
/* End PBXFileReference section */

/* Begin PBXFrameworksBuildPhase section */
		309B3D471DCD414400C1FF24 /* Frameworks */ = {
			isa = PBXFrameworksBuildPhase;
			buildActionMask = 2147483647;
			files = (
			);
			runOnlyForDeploymentPostprocessing = 0;
		};
/* End PBXFrameworksBuildPhase section */

/* Begin PBXGroup section */
		3021A4BD1DD127BE003E035D /* Modal */ = {
			isa = PBXGroup;
			children = (
				309B3D611DCD44FE00C1FF24 /* CustomCollectionViewFlowLayout.swift */,
				309B3D651DCD4D6900C1FF24 /* SantaCollectionViewCell.swift */,
			);
			name = Modal;
			sourceTree = "<group>";
		};
		3021A4BE1DD127C5003E035D /* Controller */ = {
			isa = PBXGroup;
			children = (
				309B3D5F1DCD424500C1FF24 /* ChoosePhotoViewController.swift */,
				309B3D691DCEB86200C1FF24 /* CameraViewController.swift */,
				3021A4BB1DD1250F003E035D /* PhotoViewController.swift */,
			);
			name = Controller;
			sourceTree = "<group>";
		};
		3021A4BF1DD127CF003E035D /* View */ = {
			isa = PBXGroup;
			children = (
				309B3D561DCD414400C1FF24 /* LaunchScreen.storyboard */,
				309B3D511DCD414400C1FF24 /* Main.storyboard */,
			);
			name = View;
			sourceTree = "<group>";
		};
		3021A4C01DD127D5003E035D /* App */ = {
			isa = PBXGroup;
			children = (
				309B3D631DCD468A00C1FF24 /* .gitignore */,
				309B3D591DCD414400C1FF24 /* Info.plist */,
				309B3D4D1DCD414400C1FF24 /* AppDelegate.swift */,
			);
			name = App;
			sourceTree = "<group>";
		};
		3021A4C11DD127DF003E035D /* Extensions */ = {
			isa = PBXGroup;
			children = (
				309B3D671DCD4EC000C1FF24 /* Extensions.swift */,
			);
			name = Extensions;
			sourceTree = "<group>";
		};
		3021A4C21DD127E6003E035D /* SupportingFiles */ = {
			isa = PBXGroup;
			children = (
				309B3D541DCD414400C1FF24 /* Assets.xcassets */,
			);
			name = SupportingFiles;
			sourceTree = "<group>";
		};
		3088C5721DD16C24005B5940 /* Pictures */ = {
			isa = PBXGroup;
			children = (
				3088C5731DD16C48005B5940 /* 0.png */,
				3088C5741DD16C48005B5940 /* 1.png */,
				3088C5751DD16C48005B5940 /* 2.png */,
				3088C5761DD16C48005B5940 /* 3.png */,
			);
			name = Pictures;
			sourceTree = "<group>";
		};
		309B3D411DCD414400C1FF24 = {
			isa = PBXGroup;
			children = (
				309B3D4C1DCD414400C1FF24 /* Santa'sSelfie */,
				309B3D4B1DCD414400C1FF24 /* Products */,
			);
			sourceTree = "<group>";
		};
		309B3D4B1DCD414400C1FF24 /* Products */ = {
			isa = PBXGroup;
			children = (
				309B3D4A1DCD414400C1FF24 /* Santa'sSelfie.app */,
			);
			name = Products;
			sourceTree = "<group>";
		};
		309B3D4C1DCD414400C1FF24 /* Santa'sSelfie */ = {
			isa = PBXGroup;
			children = (
				3021A4C01DD127D5003E035D /* App */,
				3021A4BE1DD127C5003E035D /* Controller */,
				3021A4C11DD127DF003E035D /* Extensions */,
				3021A4BD1DD127BE003E035D /* Modal */,
				3088C5721DD16C24005B5940 /* Pictures */,
				3021A4C21DD127E6003E035D /* SupportingFiles */,
				3021A4BF1DD127CF003E035D /* View */,
			);
			path = "Santa'sSelfie";
			sourceTree = "<group>";
		};
/* End PBXGroup section */

/* Begin PBXNativeTarget section */
		309B3D491DCD414400C1FF24 /* Santa'sSelfie */ = {
			isa = PBXNativeTarget;
			buildConfigurationList = 309B3D5C1DCD414400C1FF24 /* Build configuration list for PBXNativeTarget "Santa'sSelfie" */;
			buildPhases = (
				309B3D461DCD414400C1FF24 /* Sources */,
				309B3D471DCD414400C1FF24 /* Frameworks */,
				309B3D481DCD414400C1FF24 /* Resources */,
			);
			buildRules = (
			);
			dependencies = (
			);
			name = "Santa'sSelfie";
			productName = "Santa'sSelfie";
			productReference = 309B3D4A1DCD414400C1FF24 /* Santa'sSelfie.app */;
			productType = "com.apple.product-type.application";
		};
/* End PBXNativeTarget section */

/* Begin PBXProject section */
		309B3D421DCD414400C1FF24 /* Project object */ = {
			isa = PBXProject;
			attributes = {
				LastSwiftUpdateCheck = 0800;
				LastUpgradeCheck = 0800;
				ORGANIZATIONNAME = "Roman Salazar";
				TargetAttributes = {
					309B3D491DCD414400C1FF24 = {
						CreatedOnToolsVersion = 8.0;
						DevelopmentTeam = 9KY7XN9N45;
						ProvisioningStyle = Automatic;
					};
				};
			};
			buildConfigurationList = 309B3D451DCD414400C1FF24 /* Build configuration list for PBXProject "Santa'sSelfie" */;
			compatibilityVersion = "Xcode 3.2";
			developmentRegion = English;
			hasScannedForEncodings = 0;
			knownRegions = (
				en,
				Base,
			);
			mainGroup = 309B3D411DCD414400C1FF24;
			productRefGroup = 309B3D4B1DCD414400C1FF24 /* Products */;
			projectDirPath = "";
			projectRoot = "";
			targets = (
				309B3D491DCD414400C1FF24 /* Santa'sSelfie */,
			);
		};
/* End PBXProject section */

/* Begin PBXResourcesBuildPhase section */
		309B3D481DCD414400C1FF24 /* Resources */ = {
			isa = PBXResourcesBuildPhase;
			buildActionMask = 2147483647;
			files = (
				309B3D641DCD468A00C1FF24 /* .gitignore in Resources */,
				3088C5771DD16C48005B5940 /* 0.png in Resources */,
				3088C5791DD16C48005B5940 /* 2.png in Resources */,
				3088C57A1DD16C48005B5940 /* 3.png in Resources */,
				309B3D581DCD414400C1FF24 /* LaunchScreen.storyboard in Resources */,
				3088C5781DD16C48005B5940 /* 1.png in Resources */,
				309B3D551DCD414400C1FF24 /* Assets.xcassets in Resources */,
				309B3D531DCD414400C1FF24 /* Main.storyboard in Resources */,
			);
			runOnlyForDeploymentPostprocessing = 0;
		};
/* End PBXResourcesBuildPhase section */

/* Begin PBXSourcesBuildPhase section */
		309B3D461DCD414400C1FF24 /* Sources */ = {
			isa = PBXSourcesBuildPhase;
			buildActionMask = 2147483647;
			files = (
				309B3D681DCD4EC000C1FF24 /* Extensions.swift in Sources */,
				309B3D601DCD424500C1FF24 /* ChoosePhotoViewController.swift in Sources */,
				309B3D621DCD44FE00C1FF24 /* CustomCollectionViewFlowLayout.swift in Sources */,
				309B3D661DCD4D6900C1FF24 /* SantaCollectionViewCell.swift in Sources */,
				3021A4BC1DD1250F003E035D /* PhotoViewController.swift in Sources */,
				309B3D4E1DCD414400C1FF24 /* AppDelegate.swift in Sources */,
				309B3D6A1DCEB86200C1FF24 /* CameraViewController.swift in Sources */,
			);
			runOnlyForDeploymentPostprocessing = 0;
		};
/* End PBXSourcesBuildPhase section */

/* Begin PBXVariantGroup section */
		309B3D511DCD414400C1FF24 /* Main.storyboard */ = {
			isa = PBXVariantGroup;
			children = (
				309B3D521DCD414400C1FF24 /* Base */,
			);
			name = Main.storyboard;
			sourceTree = "<group>";
		};
		309B3D561DCD414400C1FF24 /* LaunchScreen.storyboard */ = {
			isa = PBXVariantGroup;
			children = (
				309B3D571DCD414400C1FF24 /* Base */,
			);
			name = LaunchScreen.storyboard;
			sourceTree = "<group>";
		};
/* End PBXVariantGroup section */

/* Begin XCBuildConfiguration section */
		309B3D5A1DCD414400C1FF24 /* Debug */ = {
			isa = XCBuildConfiguration;
			buildSettings = {
				ALWAYS_SEARCH_USER_PATHS = NO;
				CLANG_ANALYZER_NONNULL = YES;
				CLANG_CXX_LANGUAGE_STANDARD = "gnu++0x";
				CLANG_CXX_LIBRARY = "libc++";
				CLANG_ENABLE_MODULES = YES;
				CLANG_ENABLE_OBJC_ARC = YES;
				CLANG_WARN_BOOL_CONVERSION = YES;
				CLANG_WARN_CONSTANT_CONVERSION = YES;
				CLANG_WARN_DIRECT_OBJC_ISA_USAGE = YES_ERROR;
				CLANG_WARN_DOCUMENTATION_COMMENTS = YES;
				CLANG_WARN_EMPTY_BODY = YES;
				CLANG_WARN_ENUM_CONVERSION = YES;
				CLANG_WARN_INFINITE_RECURSION = YES;
				CLANG_WARN_INT_CONVERSION = YES;
				CLANG_WARN_OBJC_ROOT_CLASS = YES_ERROR;
				CLANG_WARN_SUSPICIOUS_MOVES = YES;
				CLANG_WARN_UNREACHABLE_CODE = YES;
				CLANG_WARN__DUPLICATE_METHOD_MATCH = YES;
				"CODE_SIGN_IDENTITY[sdk=iphoneos*]" = "iPhone Developer";
				COPY_PHASE_STRIP = NO;
				DEBUG_INFORMATION_FORMAT = dwarf;
				ENABLE_STRICT_OBJC_MSGSEND = YES;
				ENABLE_TESTABILITY = YES;
				GCC_C_LANGUAGE_STANDARD = gnu99;
				GCC_DYNAMIC_NO_PIC = NO;
				GCC_NO_COMMON_BLOCKS = YES;
				GCC_OPTIMIZATION_LEVEL = 0;
				GCC_PREPROCESSOR_DEFINITIONS = (
					"DEBUG=1",
					"$(inherited)",
				);
				GCC_WARN_64_TO_32_BIT_CONVERSION = YES;
				GCC_WARN_ABOUT_RETURN_TYPE = YES_ERROR;
				GCC_WARN_UNDECLARED_SELECTOR = YES;
				GCC_WARN_UNINITIALIZED_AUTOS = YES_AGGRESSIVE;
				GCC_WARN_UNUSED_FUNCTION = YES;
				GCC_WARN_UNUSED_VARIABLE = YES;
				IPHONEOS_DEPLOYMENT_TARGET = 10.0;
				MTL_ENABLE_DEBUG_INFO = YES;
				ONLY_ACTIVE_ARCH = YES;
				SDKROOT = iphoneos;
				SWIFT_ACTIVE_COMPILATION_CONDITIONS = DEBUG;
				SWIFT_OPTIMIZATION_LEVEL = "-Onone";
			};
			name = Debug;
		};
		309B3D5B1DCD414400C1FF24 /* Release */ = {
			isa = XCBuildConfiguration;
			buildSettings = {
				ALWAYS_SEARCH_USER_PATHS = NO;
				CLANG_ANALYZER_NONNULL = YES;
				CLANG_CXX_LANGUAGE_STANDARD = "gnu++0x";
				CLANG_CXX_LIBRARY = "libc++";
				CLANG_ENABLE_MODULES = YES;
				CLANG_ENABLE_OBJC_ARC = YES;
				CLANG_WARN_BOOL_CONVERSION = YES;
				CLANG_WARN_CONSTANT_CONVERSION = YES;
				CLANG_WARN_DIRECT_OBJC_ISA_USAGE = YES_ERROR;
				CLANG_WARN_DOCUMENTATION_COMMENTS = YES;
				CLANG_WARN_EMPTY_BODY = YES;
				CLANG_WARN_ENUM_CONVERSION = YES;
				CLANG_WARN_INFINITE_RECURSION = YES;
				CLANG_WARN_INT_CONVERSION = YES;
				CLANG_WARN_OBJC_ROOT_CLASS = YES_ERROR;
				CLANG_WARN_SUSPICIOUS_MOVES = YES;
				CLANG_WARN_UNREACHABLE_CODE = YES;
				CLANG_WARN__DUPLICATE_METHOD_MATCH = YES;
				"CODE_SIGN_IDENTITY[sdk=iphoneos*]" = "iPhone Developer";
				COPY_PHASE_STRIP = NO;
				DEBUG_INFORMATION_FORMAT = "dwarf-with-dsym";
				ENABLE_NS_ASSERTIONS = NO;
				ENABLE_STRICT_OBJC_MSGSEND = YES;
				GCC_C_LANGUAGE_STANDARD = gnu99;
				GCC_NO_COMMON_BLOCKS = YES;
				GCC_WARN_64_TO_32_BIT_CONVERSION = YES;
				GCC_WARN_ABOUT_RETURN_TYPE = YES_ERROR;
				GCC_WARN_UNDECLARED_SELECTOR = YES;
				GCC_WARN_UNINITIALIZED_AUTOS = YES_AGGRESSIVE;
				GCC_WARN_UNUSED_FUNCTION = YES;
				GCC_WARN_UNUSED_VARIABLE = YES;
				IPHONEOS_DEPLOYMENT_TARGET = 10.0;
				MTL_ENABLE_DEBUG_INFO = NO;
				SDKROOT = iphoneos;
				SWIFT_OPTIMIZATION_LEVEL = "-Owholemodule";
				VALIDATE_PRODUCT = YES;
			};
			name = Release;
		};
		309B3D5D1DCD414400C1FF24 /* Debug */ = {
			isa = XCBuildConfiguration;
			buildSettings = {
				ASSETCATALOG_COMPILER_APPICON_NAME = AppIcon;
				DEVELOPMENT_TEAM = 9KY7XN9N45;
				INFOPLIST_FILE = "Santa'sSelfie/Info.plist";
				LD_RUNPATH_SEARCH_PATHS = "$(inherited) @executable_path/Frameworks";
				PRODUCT_BUNDLE_IDENTIFIER = "com.romansalazar.Santa-sSelfie";
				PRODUCT_NAME = "$(TARGET_NAME)";
				SWIFT_VERSION = 3.0;
			};
			name = Debug;
		};
		309B3D5E1DCD414400C1FF24 /* Release */ = {
			isa = XCBuildConfiguration;
			buildSettings = {
				ASSETCATALOG_COMPILER_APPICON_NAME = AppIcon;
				DEVELOPMENT_TEAM = 9KY7XN9N45;
				INFOPLIST_FILE = "Santa'sSelfie/Info.plist";
				LD_RUNPATH_SEARCH_PATHS = "$(inherited) @executable_path/Frameworks";
				PRODUCT_BUNDLE_IDENTIFIER = "com.romansalazar.Santa-sSelfie";
				PRODUCT_NAME = "$(TARGET_NAME)";
				SWIFT_VERSION = 3.0;
			};
			name = Release;
		};
/* End XCBuildConfiguration section */

/* Begin XCConfigurationList section */
		309B3D451DCD414400C1FF24 /* Build configuration list for PBXProject "Santa'sSelfie" */ = {
			isa = XCConfigurationList;
			buildConfigurations = (
				309B3D5A1DCD414400C1FF24 /* Debug */,
				309B3D5B1DCD414400C1FF24 /* Release */,
			);
			defaultConfigurationIsVisible = 0;
			defaultConfigurationName = Release;
		};
		309B3D5C1DCD414400C1FF24 /* Build configuration list for PBXNativeTarget "Santa'sSelfie" */ = {
			isa = XCConfigurationList;
			buildConfigurations = (
				309B3D5D1DCD414400C1FF24 /* Debug */,
				309B3D5E1DCD414400C1FF24 /* Release */,
			);
			defaultConfigurationIsVisible = 0;
			defaultConfigurationName = Release;
		};
/* End XCConfigurationList section */
	};
	rootObject = 309B3D421DCD414400C1FF24 /* Project object */;
}
