// !$*UTF8*$!
{
	archiveVersion = 1;
	classes = {
	};
	objectVersion = 46;
	objects = {

/* Begin PBXBuildFile section */
		3021A4BC1DD1250F003E035D /* PhotoViewController.swift in Sources */ = {isa = PBXBuildFile; fileRef = 3021A4BB1DD1250F003E035D /* PhotoViewController.swift */; };
		30220C7D1DE90C68006AF59A /* GoogleMobileAds.framework in Frameworks */ = {isa = PBXBuildFile; fileRef = 30220C7C1DE90C68006AF59A /* GoogleMobileAds.framework */; };
		3063940C1DE92DAA004F9EF3 /* 1.png in Resources */ = {isa = PBXBuildFile; fileRef = 306394071DE92DAA004F9EF3 /* 1.png */; };
		3063940D1DE92DAA004F9EF3 /* 1B.png in Resources */ = {isa = PBXBuildFile; fileRef = 306394081DE92DAA004F9EF3 /* 1B.png */; };
		3063940E1DE92DAA004F9EF3 /* 1BB.png in Resources */ = {isa = PBXBuildFile; fileRef = 306394091DE92DAA004F9EF3 /* 1BB.png */; };
		3063940F1DE92DAA004F9EF3 /* 1D.png in Resources */ = {isa = PBXBuildFile; fileRef = 3063940A1DE92DAA004F9EF3 /* 1D.png */; };
		306394101DE92DAA004F9EF3 /* 1DD.png in Resources */ = {isa = PBXBuildFile; fileRef = 3063940B1DE92DAA004F9EF3 /* 1DD.png */; };
		306394161DE92DBD004F9EF3 /* 2.png in Resources */ = {isa = PBXBuildFile; fileRef = 306394111DE92DBD004F9EF3 /* 2.png */; };
		306394171DE92DBD004F9EF3 /* 2B.png in Resources */ = {isa = PBXBuildFile; fileRef = 306394121DE92DBD004F9EF3 /* 2B.png */; };
		306394181DE92DBD004F9EF3 /* 2BB.png in Resources */ = {isa = PBXBuildFile; fileRef = 306394131DE92DBD004F9EF3 /* 2BB.png */; };
		306394191DE92DBD004F9EF3 /* 2D.png in Resources */ = {isa = PBXBuildFile; fileRef = 306394141DE92DBD004F9EF3 /* 2D.png */; };
		3063941A1DE92DBD004F9EF3 /* 2DD.png in Resources */ = {isa = PBXBuildFile; fileRef = 306394151DE92DBD004F9EF3 /* 2DD.png */; };
		306394201DE92EE0004F9EF3 /* 3.png in Resources */ = {isa = PBXBuildFile; fileRef = 3063941B1DE92EE0004F9EF3 /* 3.png */; };
		306394211DE92EE0004F9EF3 /* 3B.png in Resources */ = {isa = PBXBuildFile; fileRef = 3063941C1DE92EE0004F9EF3 /* 3B.png */; };
		306394221DE92EE0004F9EF3 /* 3BB.png in Resources */ = {isa = PBXBuildFile; fileRef = 3063941D1DE92EE0004F9EF3 /* 3BB.png */; };
		306394231DE92EE0004F9EF3 /* 3D.png in Resources */ = {isa = PBXBuildFile; fileRef = 3063941E1DE92EE0004F9EF3 /* 3D.png */; };
		306394241DE92EE0004F9EF3 /* 3DD.png in Resources */ = {isa = PBXBuildFile; fileRef = 3063941F1DE92EE0004F9EF3 /* 3DD.png */; };
		3063942A1DE92EF0004F9EF3 /* 4.png in Resources */ = {isa = PBXBuildFile; fileRef = 306394251DE92EF0004F9EF3 /* 4.png */; };
		3063942B1DE92EF0004F9EF3 /* 4B.png in Resources */ = {isa = PBXBuildFile; fileRef = 306394261DE92EF0004F9EF3 /* 4B.png */; };
		3063942C1DE92EF0004F9EF3 /* 4BB.png in Resources */ = {isa = PBXBuildFile; fileRef = 306394271DE92EF0004F9EF3 /* 4BB.png */; };
		3063942D1DE92EF0004F9EF3 /* 4D.png in Resources */ = {isa = PBXBuildFile; fileRef = 306394281DE92EF0004F9EF3 /* 4D.png */; };
		3063942E1DE92EF0004F9EF3 /* 4DD.png in Resources */ = {isa = PBXBuildFile; fileRef = 306394291DE92EF0004F9EF3 /* 4DD.png */; };
		306394301DE93832004F9EF3 /* ImageArrays.swift in Sources */ = {isa = PBXBuildFile; fileRef = 3063942F1DE93832004F9EF3 /* ImageArrays.swift */; };
		309B3D4E1DCD414400C1FF24 /* AppDelegate.swift in Sources */ = {isa = PBXBuildFile; fileRef = 309B3D4D1DCD414400C1FF24 /* AppDelegate.swift */; };
		309B3D531DCD414400C1FF24 /* Main.storyboard in Resources */ = {isa = PBXBuildFile; fileRef = 309B3D511DCD414400C1FF24 /* Main.storyboard */; };
		309B3D551DCD414400C1FF24 /* Assets.xcassets in Resources */ = {isa = PBXBuildFile; fileRef = 309B3D541DCD414400C1FF24 /* Assets.xcassets */; };
		309B3D581DCD414400C1FF24 /* LaunchScreen.storyboard in Resources */ = {isa = PBXBuildFile; fileRef = 309B3D561DCD414400C1FF24 /* LaunchScreen.storyboard */; };
		309B3D601DCD424500C1FF24 /* ChoosePhotoViewController.swift in Sources */ = {isa = PBXBuildFile; fileRef = 309B3D5F1DCD424500C1FF24 /* ChoosePhotoViewController.swift */; };
		309B3D621DCD44FE00C1FF24 /* CustomCollectionViewFlowLayout.swift in Sources */ = {isa = PBXBuildFile; fileRef = 309B3D611DCD44FE00C1FF24 /* CustomCollectionViewFlowLayout.swift */; };
		309B3D641DCD468A00C1FF24 /* .gitignore in Resources */ = {isa = PBXBuildFile; fileRef = 309B3D631DCD468A00C1FF24 /* .gitignore */; };
		309B3D661DCD4D6900C1FF24 /* SantaCollectionViewCell.swift in Sources */ = {isa = PBXBuildFile; fileRef = 309B3D651DCD4D6900C1FF24 /* SantaCollectionViewCell.swift */; };
		309B3D681DCD4EC000C1FF24 /* Extensions.swift in Sources */ = {isa = PBXBuildFile; fileRef = 309B3D671DCD4EC000C1FF24 /* Extensions.swift */; };
		309B3D6A1DCEB86200C1FF24 /* CameraViewController.swift in Sources */ = {isa = PBXBuildFile; fileRef = 309B3D691DCEB86200C1FF24 /* CameraViewController.swift */; };
		30E145491DDB8041002177C4 /* CameraHelperMethods.swift in Sources */ = {isa = PBXBuildFile; fileRef = 30E145481DDB8041002177C4 /* CameraHelperMethods.swift */; };
		30E145731DE53C81002177C4 /* Logo.png in Resources */ = {isa = PBXBuildFile; fileRef = 30E145721DE53C7F002177C4 /* Logo.png */; };
		30E145751DE541E9002177C4 /* SettingsViewController.swift in Sources */ = {isa = PBXBuildFile; fileRef = 30E145741DE541E9002177C4 /* SettingsViewController.swift */; };
		30E145781DE54845002177C4 /* RestartButton.png in Resources */ = {isa = PBXBuildFile; fileRef = 30E145761DE54845002177C4 /* RestartButton.png */; };
		30E145791DE54845002177C4 /* SaveButton.png in Resources */ = {isa = PBXBuildFile; fileRef = 30E145771DE54845002177C4 /* SaveButton.png */; };
/* End PBXBuildFile section */

/* Begin PBXFileReference section */
		3021A4BB1DD1250F003E035D /* PhotoViewController.swift */ = {isa = PBXFileReference; fileEncoding = 4; lastKnownFileType = sourcecode.swift; path = PhotoViewController.swift; sourceTree = "<group>"; };
		30220C7C1DE90C68006AF59A /* GoogleMobileAds.framework */ = {isa = PBXFileReference; lastKnownFileType = wrapper.framework; path = GoogleMobileAds.framework; sourceTree = "<group>"; };
		306394071DE92DAA004F9EF3 /* 1.png */ = {isa = PBXFileReference; lastKnownFileType = image.png; path = 1.png; sourceTree = "<group>"; };
		306394081DE92DAA004F9EF3 /* 1B.png */ = {isa = PBXFileReference; lastKnownFileType = image.png; path = 1B.png; sourceTree = "<group>"; };
		306394091DE92DAA004F9EF3 /* 1BB.png */ = {isa = PBXFileReference; lastKnownFileType = image.png; path = 1BB.png; sourceTree = "<group>"; };
		3063940A1DE92DAA004F9EF3 /* 1D.png */ = {isa = PBXFileReference; lastKnownFileType = image.png; path = 1D.png; sourceTree = "<group>"; };
		3063940B1DE92DAA004F9EF3 /* 1DD.png */ = {isa = PBXFileReference; lastKnownFileType = image.png; path = 1DD.png; sourceTree = "<group>"; };
		306394111DE92DBD004F9EF3 /* 2.png */ = {isa = PBXFileReference; lastKnownFileType = image.png; path = 2.png; sourceTree = "<group>"; };
		306394121DE92DBD004F9EF3 /* 2B.png */ = {isa = PBXFileReference; lastKnownFileType = image.png; path = 2B.png; sourceTree = "<group>"; };
		306394131DE92DBD004F9EF3 /* 2BB.png */ = {isa = PBXFileReference; lastKnownFileType = image.png; path = 2BB.png; sourceTree = "<group>"; };
		306394141DE92DBD004F9EF3 /* 2D.png */ = {isa = PBXFileReference; lastKnownFileType = image.png; path = 2D.png; sourceTree = "<group>"; };
		306394151DE92DBD004F9EF3 /* 2DD.png */ = {isa = PBXFileReference; lastKnownFileType = image.png; path = 2DD.png; sourceTree = "<group>"; };
		3063941B1DE92EE0004F9EF3 /* 3.png */ = {isa = PBXFileReference; lastKnownFileType = image.png; path = 3.png; sourceTree = "<group>"; };
		3063941C1DE92EE0004F9EF3 /* 3B.png */ = {isa = PBXFileReference; lastKnownFileType = image.png; path = 3B.png; sourceTree = "<group>"; };
		3063941D1DE92EE0004F9EF3 /* 3BB.png */ = {isa = PBXFileReference; lastKnownFileType = image.png; path = 3BB.png; sourceTree = "<group>"; };
		3063941E1DE92EE0004F9EF3 /* 3D.png */ = {isa = PBXFileReference; lastKnownFileType = image.png; path = 3D.png; sourceTree = "<group>"; };
		3063941F1DE92EE0004F9EF3 /* 3DD.png */ = {isa = PBXFileReference; lastKnownFileType = image.png; path = 3DD.png; sourceTree = "<group>"; };
		306394251DE92EF0004F9EF3 /* 4.png */ = {isa = PBXFileReference; lastKnownFileType = image.png; path = 4.png; sourceTree = "<group>"; };
		306394261DE92EF0004F9EF3 /* 4B.png */ = {isa = PBXFileReference; lastKnownFileType = image.png; path = 4B.png; sourceTree = "<group>"; };
		306394271DE92EF0004F9EF3 /* 4BB.png */ = {isa = PBXFileReference; lastKnownFileType = image.png; path = 4BB.png; sourceTree = "<group>"; };
		306394281DE92EF0004F9EF3 /* 4D.png */ = {isa = PBXFileReference; lastKnownFileType = image.png; path = 4D.png; sourceTree = "<group>"; };
		306394291DE92EF0004F9EF3 /* 4DD.png */ = {isa = PBXFileReference; lastKnownFileType = image.png; path = 4DD.png; sourceTree = "<group>"; };
		3063942F1DE93832004F9EF3 /* ImageArrays.swift */ = {isa = PBXFileReference; fileEncoding = 4; lastKnownFileType = sourcecode.swift; path = ImageArrays.swift; sourceTree = "<group>"; };
		309B3D4A1DCD414400C1FF24 /* Santa'sSelfie.app */ = {isa = PBXFileReference; explicitFileType = wrapper.application; includeInIndex = 0; path = "Santa'sSelfie.app"; sourceTree = BUILT_PRODUCTS_DIR; };
		309B3D4D1DCD414400C1FF24 /* AppDelegate.swift */ = {isa = PBXFileReference; lastKnownFileType = sourcecode.swift; path = AppDelegate.swift; sourceTree = "<group>"; };
		309B3D521DCD414400C1FF24 /* Base */ = {isa = PBXFileReference; lastKnownFileType = file.storyboard; name = Base; path = Base.lproj/Main.storyboard; sourceTree = "<group>"; };
		309B3D541DCD414400C1FF24 /* Assets.xcassets */ = {isa = PBXFileReference; lastKnownFileType = folder.assetcatalog; path = Assets.xcassets; sourceTree = "<group>"; };
		309B3D571DCD414400C1FF24 /* Base */ = {isa = PBXFileReference; lastKnownFileType = file.storyboard; name = Base; path = Base.lproj/LaunchScreen.storyboard; sourceTree = "<group>"; };
		309B3D591DCD414400C1FF24 /* Info.plist */ = {isa = PBXFileReference; lastKnownFileType = text.plist.xml; path = Info.plist; sourceTree = "<group>"; };
		309B3D5F1DCD424500C1FF24 /* ChoosePhotoViewController.swift */ = {isa = PBXFileReference; fileEncoding = 4; lastKnownFileType = sourcecode.swift; path = ChoosePhotoViewController.swift; sourceTree = "<group>"; };
		309B3D611DCD44FE00C1FF24 /* CustomCollectionViewFlowLayout.swift */ = {isa = PBXFileReference; fileEncoding = 4; lastKnownFileType = sourcecode.swift; path = CustomCollectionViewFlowLayout.swift; sourceTree = "<group>"; };
		309B3D631DCD468A00C1FF24 /* .gitignore */ = {isa = PBXFileReference; fileEncoding = 4; lastKnownFileType = text; path = .gitignore; sourceTree = "<group>"; };
		309B3D651DCD4D6900C1FF24 /* SantaCollectionViewCell.swift */ = {isa = PBXFileReference; fileEncoding = 4; lastKnownFileType = sourcecode.swift; path = SantaCollectionViewCell.swift; sourceTree = "<group>"; };
		309B3D671DCD4EC000C1FF24 /* Extensions.swift */ = {isa = PBXFileReference; fileEncoding = 4; lastKnownFileType = sourcecode.swift; path = Extensions.swift; sourceTree = "<group>"; };
		309B3D691DCEB86200C1FF24 /* CameraViewController.swift */ = {isa = PBXFileReference; fileEncoding = 4; lastKnownFileType = sourcecode.swift; path = CameraViewController.swift; sourceTree = "<group>"; };
		30E145481DDB8041002177C4 /* CameraHelperMethods.swift */ = {isa = PBXFileReference; fileEncoding = 4; lastKnownFileType = sourcecode.swift; path = CameraHelperMethods.swift; sourceTree = "<group>"; };
		30E145721DE53C7F002177C4 /* Logo.png */ = {isa = PBXFileReference; lastKnownFileType = image.png; path = Logo.png; sourceTree = "<group>"; };
		30E145741DE541E9002177C4 /* SettingsViewController.swift */ = {isa = PBXFileReference; fileEncoding = 4; lastKnownFileType = sourcecode.swift; path = SettingsViewController.swift; sourceTree = "<group>"; };
		30E145761DE54845002177C4 /* RestartButton.png */ = {isa = PBXFileReference; lastKnownFileType = image.png; path = RestartButton.png; sourceTree = "<group>"; };
		30E145771DE54845002177C4 /* SaveButton.png */ = {isa = PBXFileReference; lastKnownFileType = image.png; path = SaveButton.png; sourceTree = "<group>"; };
/* End PBXFileReference section */

/* Begin PBXFrameworksBuildPhase section */
		309B3D471DCD414400C1FF24 /* Frameworks */ = {
			isa = PBXFrameworksBuildPhase;
			buildActionMask = 2147483647;
			files = (
				30220C7D1DE90C68006AF59A /* GoogleMobileAds.framework in Frameworks */,
			);
			runOnlyForDeploymentPostprocessing = 0;
		};
/* End PBXFrameworksBuildPhase section */

/* Begin PBXGroup section */
		3021A4BD1DD127BE003E035D /* Modal */ = {
			isa = PBXGroup;
			children = (
				309B3D611DCD44FE00C1FF24 /* CustomCollectionViewFlowLayout.swift */,
				309B3D651DCD4D6900C1FF24 /* SantaCollectionViewCell.swift */,
				30E145481DDB8041002177C4 /* CameraHelperMethods.swift */,
				3063942F1DE93832004F9EF3 /* ImageArrays.swift */,
			);
			name = Modal;
			sourceTree = "<group>";
		};
		3021A4BE1DD127C5003E035D /* Controller */ = {
			isa = PBXGroup;
			children = (
				309B3D5F1DCD424500C1FF24 /* ChoosePhotoViewController.swift */,
				309B3D691DCEB86200C1FF24 /* CameraViewController.swift */,
				3021A4BB1DD1250F003E035D /* PhotoViewController.swift */,
				30E145741DE541E9002177C4 /* SettingsViewController.swift */,
			);
			name = Controller;
			sourceTree = "<group>";
		};
		3021A4BF1DD127CF003E035D /* View */ = {
			isa = PBXGroup;
			children = (
				309B3D561DCD414400C1FF24 /* LaunchScreen.storyboard */,
				309B3D511DCD414400C1FF24 /* Main.storyboard */,
			);
			name = View;
			sourceTree = "<group>";
		};
		3021A4C01DD127D5003E035D /* App */ = {
			isa = PBXGroup;
			children = (
				309B3D4D1DCD414400C1FF24 /* AppDelegate.swift */,
				309B3D591DCD414400C1FF24 /* Info.plist */,
				309B3D631DCD468A00C1FF24 /* .gitignore */,
			);
			name = App;
			sourceTree = "<group>";
		};
		3021A4C11DD127DF003E035D /* Extensions */ = {
			isa = PBXGroup;
			children = (
				309B3D671DCD4EC000C1FF24 /* Extensions.swift */,
			);
			name = Extensions;
			sourceTree = "<group>";
		};
		3021A4C21DD127E6003E035D /* SupportingFiles */ = {
			isa = PBXGroup;
			children = (
				309B3D541DCD414400C1FF24 /* Assets.xcassets */,
				30E145761DE54845002177C4 /* RestartButton.png */,
				30E145771DE54845002177C4 /* SaveButton.png */,
				30E145721DE53C7F002177C4 /* Logo.png */,
			);
			name = SupportingFiles;
			sourceTree = "<group>";
		};
		30220C7B1DE90C22006AF59A /* Frameworks */ = {
			isa = PBXGroup;
			children = (
				30220C7C1DE90C68006AF59A /* GoogleMobileAds.framework */,
			);
			name = Frameworks;
			sourceTree = "<group>";
		};
		306394021DE92D45004F9EF3 /* One */ = {
			isa = PBXGroup;
			children = (
				3063940B1DE92DAA004F9EF3 /* 1DD.png */,
				3063940A1DE92DAA004F9EF3 /* 1D.png */,
				306394071DE92DAA004F9EF3 /* 1.png */,
				306394081DE92DAA004F9EF3 /* 1B.png */,
				306394091DE92DAA004F9EF3 /* 1BB.png */,
			);
			name = One;
			sourceTree = "<group>";
		};
		306394031DE92D55004F9EF3 /* Two */ = {
			isa = PBXGroup;
			children = (
				306394111DE92DBD004F9EF3 /* 2.png */,
				306394121DE92DBD004F9EF3 /* 2B.png */,
				306394131DE92DBD004F9EF3 /* 2BB.png */,
				306394141DE92DBD004F9EF3 /* 2D.png */,
				306394151DE92DBD004F9EF3 /* 2DD.png */,
			);
			name = Two;
			sourceTree = "<group>";
		};
		306394041DE92D5A004F9EF3 /* Three */ = {
			isa = PBXGroup;
			children = (
				3063941B1DE92EE0004F9EF3 /* 3.png */,
				3063941C1DE92EE0004F9EF3 /* 3B.png */,
				3063941D1DE92EE0004F9EF3 /* 3BB.png */,
				3063941E1DE92EE0004F9EF3 /* 3D.png */,
				3063941F1DE92EE0004F9EF3 /* 3DD.png */,
			);
			name = Three;
			sourceTree = "<group>";
		};
		306394051DE92D5F004F9EF3 /* Four */ = {
			isa = PBXGroup;
			children = (
				306394251DE92EF0004F9EF3 /* 4.png */,
				306394261DE92EF0004F9EF3 /* 4B.png */,
				306394271DE92EF0004F9EF3 /* 4BB.png */,
				306394281DE92EF0004F9EF3 /* 4D.png */,
				306394291DE92EF0004F9EF3 /* 4DD.png */,
			);
			name = Four;
			sourceTree = "<group>";
		};
		3088C5721DD16C24005B5940 /* Pictures */ = {
			isa = PBXGroup;
			children = (
				306394021DE92D45004F9EF3 /* One */,
				306394031DE92D55004F9EF3 /* Two */,
				306394041DE92D5A004F9EF3 /* Three */,
				306394051DE92D5F004F9EF3 /* Four */,
			);
			name = Pictures;
			sourceTree = "<group>";
		};
		309B3D411DCD414400C1FF24 = {
			isa = PBXGroup;
			children = (
				309B3D4C1DCD414400C1FF24 /* Santa'sSelfie */,
			);
			sourceTree = "<group>";
		};
		309B3D4B1DCD414400C1FF24 /* Products */ = {
			isa = PBXGroup;
			children = (
				309B3D4A1DCD414400C1FF24 /* Santa'sSelfie.app */,
			);
			name = Products;
			path = ..;
			sourceTree = "<group>";
		};
		309B3D4C1DCD414400C1FF24 /* Santa'sSelfie */ = {
			isa = PBXGroup;
			children = (
				3021A4C01DD127D5003E035D /* App */,
				3021A4BE1DD127C5003E035D /* Controller */,
				3021A4C11DD127DF003E035D /* Extensions */,
				30220C7B1DE90C22006AF59A /* Frameworks */,
				3021A4BD1DD127BE003E035D /* Modal */,
				3088C5721DD16C24005B5940 /* Pictures */,
				309B3D4B1DCD414400C1FF24 /* Products */,
				3021A4C21DD127E6003E035D /* SupportingFiles */,
				3021A4BF1DD127CF003E035D /* View */,
			);
			path = "Santa'sSelfie";
			sourceTree = "<group>";
		};
/* End PBXGroup section */

/* Begin PBXNativeTarget section */
		309B3D491DCD414400C1FF24 /* Santa'sSelfie */ = {
			isa = PBXNativeTarget;
			buildConfigurationList = 309B3D5C1DCD414400C1FF24 /* Build configuration list for PBXNativeTarget "Santa'sSelfie" */;
			buildPhases = (
				309B3D461DCD414400C1FF24 /* Sources */,
				309B3D471DCD414400C1FF24 /* Frameworks */,
				309B3D481DCD414400C1FF24 /* Resources */,
			);
			buildRules = (
			);
			dependencies = (
			);
			name = "Santa'sSelfie";
			productName = "Santa'sSelfie";
			productReference = 309B3D4A1DCD414400C1FF24 /* Santa'sSelfie.app */;
			productType = "com.apple.product-type.application";
		};
/* End PBXNativeTarget section */

/* Begin PBXProject section */
		309B3D421DCD414400C1FF24 /* Project object */ = {
			isa = PBXProject;
			attributes = {
				LastSwiftUpdateCheck = 0800;
				LastUpgradeCheck = 0810;
				ORGANIZATIONNAME = "Roman Salazar";
				TargetAttributes = {
					309B3D491DCD414400C1FF24 = {
						CreatedOnToolsVersion = 8.0;
						DevelopmentTeam = 9KY7XN9N45;
						ProvisioningStyle = Automatic;
					};
				};
			};
			buildConfigurationList = 309B3D451DCD414400C1FF24 /* Build configuration list for PBXProject "Santa'sSelfie" */;
			compatibilityVersion = "Xcode 3.2";
			developmentRegion = English;
			hasScannedForEncodings = 0;
			knownRegions = (
				en,
				Base,
			);
			mainGroup = 309B3D411DCD414400C1FF24;
			productRefGroup = 309B3D4B1DCD414400C1FF24 /* Products */;
			projectDirPath = "";
			projectRoot = "";
			targets = (
				309B3D491DCD414400C1FF24 /* Santa'sSelfie */,
			);
		};
/* End PBXProject section */

/* Begin PBXResourcesBuildPhase section */
		309B3D481DCD414400C1FF24 /* Resources */ = {
			isa = PBXResourcesBuildPhase;
			buildActionMask = 2147483647;
			files = (
				3063942D1DE92EF0004F9EF3 /* 4D.png in Resources */,
				3063942B1DE92EF0004F9EF3 /* 4B.png in Resources */,
				3063942C1DE92EF0004F9EF3 /* 4BB.png in Resources */,
				306394161DE92DBD004F9EF3 /* 2.png in Resources */,
				30E145791DE54845002177C4 /* SaveButton.png in Resources */,
				3063942A1DE92EF0004F9EF3 /* 4.png in Resources */,
				306394231DE92EE0004F9EF3 /* 3D.png in Resources */,
				3063940C1DE92DAA004F9EF3 /* 1.png in Resources */,
				306394201DE92EE0004F9EF3 /* 3.png in Resources */,
				306394181DE92DBD004F9EF3 /* 2BB.png in Resources */,
				309B3D641DCD468A00C1FF24 /* .gitignore in Resources */,
				306394241DE92EE0004F9EF3 /* 3DD.png in Resources */,
				3063942E1DE92EF0004F9EF3 /* 4DD.png in Resources */,
				306394101DE92DAA004F9EF3 /* 1DD.png in Resources */,
				309B3D581DCD414400C1FF24 /* LaunchScreen.storyboard in Resources */,
				30E145731DE53C81002177C4 /* Logo.png in Resources */,
				306394221DE92EE0004F9EF3 /* 3BB.png in Resources */,
				3063941A1DE92DBD004F9EF3 /* 2DD.png in Resources */,
				3063940D1DE92DAA004F9EF3 /* 1B.png in Resources */,
				30E145781DE54845002177C4 /* RestartButton.png in Resources */,
				306394171DE92DBD004F9EF3 /* 2B.png in Resources */,
				3063940E1DE92DAA004F9EF3 /* 1BB.png in Resources */,
				309B3D551DCD414400C1FF24 /* Assets.xcassets in Resources */,
				3063940F1DE92DAA004F9EF3 /* 1D.png in Resources */,
				309B3D531DCD414400C1FF24 /* Main.storyboard in Resources */,
				306394211DE92EE0004F9EF3 /* 3B.png in Resources */,
				306394191DE92DBD004F9EF3 /* 2D.png in Resources */,
			);
			runOnlyForDeploymentPostprocessing = 0;
		};
/* End PBXResourcesBuildPhase section */

/* Begin PBXSourcesBuildPhase section */
		309B3D461DCD414400C1FF24 /* Sources */ = {
			isa = PBXSourcesBuildPhase;
			buildActionMask = 2147483647;
			files = (
				309B3D681DCD4EC000C1FF24 /* Extensions.swift in Sources */,
				30E145491DDB8041002177C4 /* CameraHelperMethods.swift in Sources */,
				309B3D601DCD424500C1FF24 /* ChoosePhotoViewController.swift in Sources */,
				309B3D621DCD44FE00C1FF24 /* CustomCollectionViewFlowLayout.swift in Sources */,
				309B3D661DCD4D6900C1FF24 /* SantaCollectionViewCell.swift in Sources */,
				306394301DE93832004F9EF3 /* ImageArrays.swift in Sources */,
				3021A4BC1DD1250F003E035D /* PhotoViewController.swift in Sources */,
				309B3D4E1DCD414400C1FF24 /* AppDelegate.swift in Sources */,
				309B3D6A1DCEB86200C1FF24 /* CameraViewController.swift in Sources */,
				30E145751DE541E9002177C4 /* SettingsViewController.swift in Sources */,
			);
			runOnlyForDeploymentPostprocessing = 0;
		};
/* End PBXSourcesBuildPhase section */

/* Begin PBXVariantGroup section */
		309B3D511DCD414400C1FF24 /* Main.storyboard */ = {
			isa = PBXVariantGroup;
			children = (
				309B3D521DCD414400C1FF24 /* Base */,
			);
			name = Main.storyboard;
			sourceTree = "<group>";
		};
		309B3D561DCD414400C1FF24 /* LaunchScreen.storyboard */ = {
			isa = PBXVariantGroup;
			children = (
				309B3D571DCD414400C1FF24 /* Base */,
			);
			name = LaunchScreen.storyboard;
			sourceTree = "<group>";
		};
/* End PBXVariantGroup section */

/* Begin XCBuildConfiguration section */
		309B3D5A1DCD414400C1FF24 /* Debug */ = {
			isa = XCBuildConfiguration;
			buildSettings = {
				ALWAYS_SEARCH_USER_PATHS = NO;
				CLANG_ANALYZER_NONNULL = YES;
				CLANG_CXX_LANGUAGE_STANDARD = "gnu++0x";
				CLANG_CXX_LIBRARY = "libc++";
				CLANG_ENABLE_MODULES = YES;
				CLANG_ENABLE_OBJC_ARC = YES;
				CLANG_WARN_BOOL_CONVERSION = YES;
				CLANG_WARN_CONSTANT_CONVERSION = YES;
				CLANG_WARN_DIRECT_OBJC_ISA_USAGE = YES_ERROR;
				CLANG_WARN_DOCUMENTATION_COMMENTS = YES;
				CLANG_WARN_EMPTY_BODY = YES;
				CLANG_WARN_ENUM_CONVERSION = YES;
				CLANG_WARN_INFINITE_RECURSION = YES;
				CLANG_WARN_INT_CONVERSION = YES;
				CLANG_WARN_OBJC_ROOT_CLASS = YES_ERROR;
				CLANG_WARN_SUSPICIOUS_MOVE = YES;
				CLANG_WARN_SUSPICIOUS_MOVES = YES;
				CLANG_WARN_UNREACHABLE_CODE = YES;
				CLANG_WARN__DUPLICATE_METHOD_MATCH = YES;
				"CODE_SIGN_IDENTITY[sdk=iphoneos*]" = "iPhone Developer";
				COPY_PHASE_STRIP = NO;
				DEBUG_INFORMATION_FORMAT = dwarf;
				ENABLE_STRICT_OBJC_MSGSEND = YES;
				ENABLE_TESTABILITY = YES;
				GCC_C_LANGUAGE_STANDARD = gnu99;
				GCC_DYNAMIC_NO_PIC = NO;
				GCC_NO_COMMON_BLOCKS = YES;
				GCC_OPTIMIZATION_LEVEL = 0;
				GCC_PREPROCESSOR_DEFINITIONS = (
					"DEBUG=1",
					"$(inherited)",
				);
				GCC_WARN_64_TO_32_BIT_CONVERSION = YES;
				GCC_WARN_ABOUT_RETURN_TYPE = YES_ERROR;
				GCC_WARN_UNDECLARED_SELECTOR = YES;
				GCC_WARN_UNINITIALIZED_AUTOS = YES_AGGRESSIVE;
				GCC_WARN_UNUSED_FUNCTION = YES;
				GCC_WARN_UNUSED_VARIABLE = YES;
				IPHONEOS_DEPLOYMENT_TARGET = 10.0;
				MTL_ENABLE_DEBUG_INFO = YES;
				ONLY_ACTIVE_ARCH = YES;
				SDKROOT = iphoneos;
				SWIFT_ACTIVE_COMPILATION_CONDITIONS = DEBUG;
				SWIFT_OPTIMIZATION_LEVEL = "-Onone";
			};
			name = Debug;
		};
		309B3D5B1DCD414400C1FF24 /* Release */ = {
			isa = XCBuildConfiguration;
			buildSettings = {
				ALWAYS_SEARCH_USER_PATHS = NO;
				CLANG_ANALYZER_NONNULL = YES;
				CLANG_CXX_LANGUAGE_STANDARD = "gnu++0x";
				CLANG_CXX_LIBRARY = "libc++";
				CLANG_ENABLE_MODULES = YES;
				CLANG_ENABLE_OBJC_ARC = YES;
				CLANG_WARN_BOOL_CONVERSION = YES;
				CLANG_WARN_CONSTANT_CONVERSION = YES;
				CLANG_WARN_DIRECT_OBJC_ISA_USAGE = YES_ERROR;
				CLANG_WARN_DOCUMENTATION_COMMENTS = YES;
				CLANG_WARN_EMPTY_BODY = YES;
				CLANG_WARN_ENUM_CONVERSION = YES;
				CLANG_WARN_INFINITE_RECURSION = YES;
				CLANG_WARN_INT_CONVERSION = YES;
				CLANG_WARN_OBJC_ROOT_CLASS = YES_ERROR;
				CLANG_WARN_SUSPICIOUS_MOVE = YES;
				CLANG_WARN_SUSPICIOUS_MOVES = YES;
				CLANG_WARN_UNREACHABLE_CODE = YES;
				CLANG_WARN__DUPLICATE_METHOD_MATCH = YES;
				"CODE_SIGN_IDENTITY[sdk=iphoneos*]" = "iPhone Developer";
				COPY_PHASE_STRIP = NO;
				DEBUG_INFORMATION_FORMAT = "dwarf-with-dsym";
				ENABLE_NS_ASSERTIONS = NO;
				ENABLE_STRICT_OBJC_MSGSEND = YES;
				GCC_C_LANGUAGE_STANDARD = gnu99;
				GCC_NO_COMMON_BLOCKS = YES;
				GCC_WARN_64_TO_32_BIT_CONVERSION = YES;
				GCC_WARN_ABOUT_RETURN_TYPE = YES_ERROR;
				GCC_WARN_UNDECLARED_SELECTOR = YES;
				GCC_WARN_UNINITIALIZED_AUTOS = YES_AGGRESSIVE;
				GCC_WARN_UNUSED_FUNCTION = YES;
				GCC_WARN_UNUSED_VARIABLE = YES;
				IPHONEOS_DEPLOYMENT_TARGET = 10.0;
				MTL_ENABLE_DEBUG_INFO = NO;
				SDKROOT = iphoneos;
				SWIFT_OPTIMIZATION_LEVEL = "-Owholemodule";
				VALIDATE_PRODUCT = YES;
			};
			name = Release;
		};
		309B3D5D1DCD414400C1FF24 /* Debug */ = {
			isa = XCBuildConfiguration;
			buildSettings = {
				ASSETCATALOG_COMPILER_APPICON_NAME = AppIcon;
				DEVELOPMENT_TEAM = 9KY7XN9N45;
				FRAMEWORK_SEARCH_PATHS = (
					"$(inherited)",
					"$(PROJECT_DIR)/Santa\\'sSelfie",
				);
				INFOPLIST_FILE = "Santa'sSelfie/Info.plist";
				LD_RUNPATH_SEARCH_PATHS = "$(inherited) @executable_path/Frameworks";
				PRODUCT_BUNDLE_IDENTIFIER = "com.romansalazar.Santa-sSelfie";
				PRODUCT_NAME = "$(TARGET_NAME)";
				SWIFT_VERSION = 3.0;
			};
			name = Debug;
		};
		309B3D5E1DCD414400C1FF24 /* Release */ = {
			isa = XCBuildConfiguration;
			buildSettings = {
				ASSETCATALOG_COMPILER_APPICON_NAME = AppIcon;
				DEVELOPMENT_TEAM = 9KY7XN9N45;
				FRAMEWORK_SEARCH_PATHS = (
					"$(inherited)",
					"$(PROJECT_DIR)/Santa\\'sSelfie",
				);
				INFOPLIST_FILE = "Santa'sSelfie/Info.plist";
				LD_RUNPATH_SEARCH_PATHS = "$(inherited) @executable_path/Frameworks";
				PRODUCT_BUNDLE_IDENTIFIER = "com.romansalazar.Santa-sSelfie";
				PRODUCT_NAME = "$(TARGET_NAME)";
				SWIFT_VERSION = 3.0;
			};
			name = Release;
		};
/* End XCBuildConfiguration section */

/* Begin XCConfigurationList section */
		309B3D451DCD414400C1FF24 /* Build configuration list for PBXProject "Santa'sSelfie" */ = {
			isa = XCConfigurationList;
			buildConfigurations = (
				309B3D5A1DCD414400C1FF24 /* Debug */,
				309B3D5B1DCD414400C1FF24 /* Release */,
			);
			defaultConfigurationIsVisible = 0;
			defaultConfigurationName = Release;
		};
		309B3D5C1DCD414400C1FF24 /* Build configuration list for PBXNativeTarget "Santa'sSelfie" */ = {
			isa = XCConfigurationList;
			buildConfigurations = (
				309B3D5D1DCD414400C1FF24 /* Debug */,
				309B3D5E1DCD414400C1FF24 /* Release */,
			);
			defaultConfigurationIsVisible = 0;
			defaultConfigurationName = Release;
		};
/* End XCConfigurationList section */
	};
	rootObject = 309B3D421DCD414400C1FF24 /* Project object */;
}
